{
  "requires": true,
  "lockfileVersion": 1,
  "dependencies": {
    "eslint-plugin-jasmine": {
      "version": "2.9.1",
      "resolved": "https://registry.npmjs.org/eslint-plugin-jasmine/-/eslint-plugin-jasmine-2.9.1.tgz",
      "integrity": "sha1-IuGaWfFvOl9kOgSroEQ40OMEcDA=",
      "dev": true
    }
  }
}
